
Microsoft Visual Studio Solution File, Format Version 12.00
# Visual Studio Version 17
VisualStudioVersion = 17.13.35931.197
MinimumVisualStudioVersion = 10.0.40219.1
Project("{FAE04EC0-301F-11D3-BF4B-00C04F79EFBC}") = "BlazorApp1", "BlazorApp1.csproj", "{49BA0810-CF63-BACD-9969-F34D5336499D}"
EndProject
Project("{FAE04EC0-301F-11D3-BF4B-00C04F79EFBC}") = "BlazorApp1.Tests", "..\BlazorApp1.Tests\BlazorApp1.Tests.csproj", "{4C0AFBF3-13F2-42EE-8A81-2CD6F17690E9}"
EndProject
Global
	GlobalSection(SolutionConfigurationPlatforms) = preSolution
		Debug|Any CPU = Debug|Any CPU
		Debug|x64 = Debug|x64
		Release|Any CPU = Release|Any CPU
		Release|x64 = Release|x64
	EndGlobalSection
	GlobalSection(ProjectConfigurationPlatforms) = postSolution
		{49BA0810-CF63-BACD-9969-F34D5336499D}.Debug|Any CPU.ActiveCfg = Debug|Any CPU
		{49BA0810-CF63-BACD-9969-F34D5336499D}.Debug|Any CPU.Build.0 = Debug|Any CPU
		{49BA0810-CF63-BACD-9969-F34D5336499D}.Debug|x64.ActiveCfg = Debug|x64
		{49BA0810-CF63-BACD-9969-F34D5336499D}.Debug|x64.Build.0 = Debug|x64
		{49BA0810-CF63-BACD-9969-F34D5336499D}.Release|Any CPU.ActiveCfg = Release|Any CPU
		{49BA0810-CF63-BACD-9969-F34D5336499D}.Release|Any CPU.Build.0 = Release|Any CPU
		{49BA0810-CF63-BACD-9969-F34D5336499D}.Release|x64.ActiveCfg = Release|x64
		{49BA0810-CF63-BACD-9969-F34D5336499D}.Release|x64.Build.0 = Release|x64
		{4C0AFBF3-13F2-42EE-8A81-2CD6F17690E9}.Debug|Any CPU.ActiveCfg = Debug|Any CPU
		{4C0AFBF3-13F2-42EE-8A81-2CD6F17690E9}.Debug|x64.ActiveCfg = Debug|Any CPU
		{4C0AFBF3-13F2-42EE-8A81-2CD6F17690E9}.Debug|x64.Build.0 = Debug|Any CPU
		{4C0AFBF3-13F2-42EE-8A81-2CD6F17690E9}.Release|Any CPU.ActiveCfg = Release|Any CPU
		{4C0AFBF3-13F2-42EE-8A81-2CD6F17690E9}.Release|Any CPU.Build.0 = Release|Any CPU
		{4C0AFBF3-13F2-42EE-8A81-2CD6F17690E9}.Release|x64.ActiveCfg = Release|Any CPU
		{4C0AFBF3-13F2-42EE-8A81-2CD6F17690E9}.Release|x64.Build.0 = Release|Any CPU
	EndGlobalSection
	GlobalSection(SolutionProperties) = preSolution
		HideSolutionNode = FALSE
	EndGlobalSection
	GlobalSection(ExtensibilityGlobals) = postSolution
		SolutionGuid = {BBD4B4FD-DE87-40DD-BCC6-E1B39F3D4CE4}
	EndGlobalSection
EndGlobal
